// !$*UTF8*$!
{
	archiveVersion = 1;
	classes = {
	};
	objectVersion = 48;
	objects = {

/* Begin PBXBuildFile section */
		946626C71FE751730049EA6F /* AppDelegate.m in Sources */ = {isa = PBXBuildFile; fileRef = 946626C61FE751730049EA6F /* AppDelegate.m */; };
		946626CA1FE751730049EA6F /* ViewController.m in Sources */ = {isa = PBXBuildFile; fileRef = 946626C91FE751730049EA6F /* ViewController.m */; };
		946626CD1FE751730049EA6F /* Main.storyboard in Resources */ = {isa = PBXBuildFile; fileRef = 946626CB1FE751730049EA6F /* Main.storyboard */; };
		946626CF1FE751730049EA6F /* Assets.xcassets in Resources */ = {isa = PBXBuildFile; fileRef = 946626CE1FE751730049EA6F /* Assets.xcassets */; };
		946626D21FE751730049EA6F /* LaunchScreen.storyboard in Resources */ = {isa = PBXBuildFile; fileRef = 946626D01FE751730049EA6F /* LaunchScreen.storyboard */; };
		946626D51FE751730049EA6F /* main.m in Sources */ = {isa = PBXBuildFile; fileRef = 946626D41FE751730049EA6F /* main.m */; };
/* End PBXBuildFile section */

/* Begin PBXFileReference section */
		946626C21FE751730049EA6F /* URLRewriteDemo.app */ = {isa = PBXFileReference; explicitFileType = wrapper.application; includeInIndex = 0; path = URLRewriteDemo.app; sourceTree = BUILT_PRODUCTS_DIR; };
		946626C51FE751730049EA6F /* AppDelegate.h */ = {isa = PBXFileReference; lastKnownFileType = sourcecode.c.h; path = AppDelegate.h; sourceTree = "<group>"; };
		946626C61FE751730049EA6F /* AppDelegate.m */ = {isa = PBXFileReference; lastKnownFileType = sourcecode.c.objc; path = AppDelegate.m; sourceTree = "<group>"; };
		946626C81FE751730049EA6F /* ViewController.h */ = {isa = PBXFileReference; lastKnownFileType = sourcecode.c.h; path = ViewController.h; sourceTree = "<group>"; };
		946626C91FE751730049EA6F /* ViewController.m */ = {isa = PBXFileReference; lastKnownFileType = sourcecode.c.objc; path = ViewController.m; sourceTree = "<group>"; };
		946626CC1FE751730049EA6F /* Base */ = {isa = PBXFileReference; lastKnownFileType = file.storyboard; name = Base; path = Base.lproj/Main.storyboard; sourceTree = "<group>"; };
		946626CE1FE751730049EA6F /* Assets.xcassets */ = {isa = PBXFileReference; lastKnownFileType = folder.assetcatalog; path = Assets.xcassets; sourceTree = "<group>"; };
		946626D11FE751730049EA6F /* Base */ = {isa = PBXFileReference; lastKnownFileType = file.storyboard; name = Base; path = Base.lproj/LaunchScreen.storyboard; sourceTree = "<group>"; };
		946626D31FE751730049EA6F /* Info.plist */ = {isa = PBXFileReference; lastKnownFileType = text.plist.xml; path = Info.plist; sourceTree = "<group>"; };
		946626D41FE751730049EA6F /* main.m */ = {isa = PBXFileReference; lastKnownFileType = sourcecode.c.objc; path = main.m; sourceTree = "<group>"; };
/* End PBXFileReference section */

/* Begin PBXFrameworksBuildPhase section */
		946626BF1FE751730049EA6F /* Frameworks */ = {
			isa = PBXFrameworksBuildPhase;
			buildActionMask = 2147483647;
			files = (
			);
			runOnlyForDeploymentPostprocessing = 0;
		};
/* End PBXFrameworksBuildPhase section */

/* Begin PBXGroup section */
		946626B91FE751730049EA6F = {
			isa = PBXGroup;
			children = (
				946626C41FE751730049EA6F /* URLRewriteDemo */,
				946626C31FE751730049EA6F /* Products */,
			);
			sourceTree = "<group>";
		};
		946626C31FE751730049EA6F /* Products */ = {
			isa = PBXGroup;
			children = (
				946626C21FE751730049EA6F /* URLRewriteDemo.app */,
			);
			name = Products;
			sourceTree = "<group>";
		};
		946626C41FE751730049EA6F /* URLRewriteDemo */ = {
			isa = PBXGroup;
			children = (
				946626C51FE751730049EA6F /* AppDelegate.h */,
				946626C61FE751730049EA6F /* AppDelegate.m */,
				946626C81FE751730049EA6F /* ViewController.h */,
				946626C91FE751730049EA6F /* ViewController.m */,
				946626CB1FE751730049EA6F /* Main.storyboard */,
				946626CE1FE751730049EA6F /* Assets.xcassets */,
				946626D01FE751730049EA6F /* LaunchScreen.storyboard */,
				946626D31FE751730049EA6F /* Info.plist */,
				946626D41FE751730049EA6F /* main.m */,
			);
			path = URLRewriteDemo;
			sourceTree = "<group>";
		};
/* End PBXGroup section */

/* Begin PBXNativeTarget section */
		946626C11FE751730049EA6F /* URLRewriteDemo */ = {
			isa = PBXNativeTarget;
			buildConfigurationList = 946626D81FE751730049EA6F /* Build configuration list for PBXNativeTarget "URLRewriteDemo" */;
			buildPhases = (
				946626BE1FE751730049EA6F /* Sources */,
				946626BF1FE751730049EA6F /* Frameworks */,
				946626C01FE751730049EA6F /* Resources */,
			);
			buildRules = (
			);
			dependencies = (
			);
			name = URLRewriteDemo;
			productName = URLRewriteDemo;
			productReference = 946626C21FE751730049EA6F /* URLRewriteDemo.app */;
			productType = "com.apple.product-type.application";
		};
/* End PBXNativeTarget section */

/* Begin PBXProject section */
		946626BA1FE751730049EA6F /* Project object */ = {
			isa = PBXProject;
			attributes = {
				LastUpgradeCheck = 0920;
				ORGANIZATIONNAME = Brant;
				TargetAttributes = {
					946626C11FE751730049EA6F = {
						CreatedOnToolsVersion = 9.2;
						ProvisioningStyle = Automatic;
					};
				};
			};
			buildConfigurationList = 946626BD1FE751730049EA6F /* Build configuration list for PBXProject "URLRewriteDemo" */;
			compatibilityVersion = "Xcode 8.0";
			developmentRegion = en;
			hasScannedForEncodings = 0;
			knownRegions = (
				en,
				Base,
			);
			mainGroup = 946626B91FE751730049EA6F;
			productRefGroup = 946626C31FE751730049EA6F /* Products */;
			projectDirPath = "";
			projectRoot = "";
			targets = (
				946626C11FE751730049EA6F /* URLRewriteDemo */,
			);
		};
/* End PBXProject section */

/* Begin PBXResourcesBuildPhase section */
		946626C01FE751730049EA6F /* Resources */ = {
			isa = PBXResourcesBuildPhase;
			buildActionMask = 2147483647;
			files = (
				946626D21FE751730049EA6F /* LaunchScreen.storyboard in Resources */,
				946626CF1FE751730049EA6F /* Assets.xcassets in Resources */,
				946626CD1FE751730049EA6F /* Main.storyboard in Resources */,
			);
			runOnlyForDeploymentPostprocessing = 0;
		};
/* End PBXResourcesBuildPhase section */

/* Begin PBXSourcesBuildPhase section */
		946626BE1FE751730049EA6F /* Sources */ = {
			isa = PBXSourcesBuildPhase;
			buildActionMask = 2147483647;
			files = (
				946626CA1FE751730049EA6F /* ViewController.m in Sources */,
				946626D51FE751730049EA6F /* main.m in Sources */,
				946626C71FE751730049EA6F /* AppDelegate.m in Sources */,
			);
			runOnlyForDeploymentPostprocessing = 0;
		};
/* End PBXSourcesBuildPhase section */

/* Begin PBXVariantGroup section */
		946626CB1FE751730049EA6F /* Main.storyboard */ = {
			isa = PBXVariantGroup;
			children = (
				946626CC1FE751730049EA6F /* Base */,
			);
			name = Main.storyboard;
			sourceTree = "<group>";
		};
		946626D01FE751730049EA6F /* LaunchScreen.storyboard */ = {
			isa = PBXVariantGroup;
			children = (
				946626D11FE751730049EA6F /* Base */,
			);
			name = LaunchScreen.storyboard;
			sourceTree = "<group>";
		};
/* End PBXVariantGroup section */

/* Begin XCBuildConfiguration section */
		946626D61FE751730049EA6F /* Debug */ = {
			isa = XCBuildConfiguration;
			buildSettings = {
				ALWAYS_SEARCH_USER_PATHS = NO;
				CLANG_ANALYZER_NONNULL = YES;
				CLANG_ANALYZER_NUMBER_OBJECT_CONVERSION = YES_AGGRESSIVE;
				CLANG_CXX_LANGUAGE_STANDARD = "gnu++14";
				CLANG_CXX_LIBRARY = "libc++";
				CLANG_ENABLE_MODULES = YES;
				CLANG_ENABLE_OBJC_ARC = YES;
				CLANG_WARN_BLOCK_CAPTURE_AUTORELEASING = YES;
				CLANG_WARN_BOOL_CONVERSION = YES;
				CLANG_WARN_COMMA = YES;
				CLANG_WARN_CONSTANT_CONVERSION = YES;
				CLANG_WARN_DIRECT_OBJC_ISA_USAGE = YES_ERROR;
				CLANG_WARN_DOCUMENTATION_COMMENTS = YES;
				CLANG_WARN_EMPTY_BODY = YES;
				CLANG_WARN_ENUM_CONVERSION = YES;
				CLANG_WARN_INFINITE_RECURSION = YES;
				CLANG_WARN_INT_CONVERSION = YES;
				CLANG_WARN_NON_LITERAL_NULL_CONVERSION = YES;
				CLANG_WARN_OBJC_LITERAL_CONVERSION = YES;
				CLANG_WARN_OBJC_ROOT_CLASS = YES_ERROR;
				CLANG_WARN_RANGE_LOOP_ANALYSIS = YES;
				CLANG_WARN_STRICT_PROTOTYPES = YES;
				CLANG_WARN_SUSPICIOUS_MOVE = YES;
				CLANG_WARN_UNGUARDED_AVAILABILITY = YES_AGGRESSIVE;
				CLANG_WARN_UNREACHABLE_CODE = YES;
				CLANG_WARN__DUPLICATE_METHOD_MATCH = YES;
				CODE_SIGN_IDENTITY = "iPhone Developer";
				COPY_PHASE_STRIP = NO;
				DEBUG_INFORMATION_FORMAT = dwarf;
				ENABLE_STRICT_OBJC_MSGSEND = YES;
				ENABLE_TESTABILITY = YES;
				GCC_C_LANGUAGE_STANDARD = gnu11;
				GCC_DYNAMIC_NO_PIC = NO;
				GCC_NO_COMMON_BLOCKS = YES;
				GCC_OPTIMIZATION_LEVEL = 0;
				GCC_PREPROCESSOR_DEFINITIONS = (
					"DEBUG=1",
					"$(inherited)",
				);
				GCC_WARN_64_TO_32_BIT_CONVERSION = YES;
				GCC_WARN_ABOUT_RETURN_TYPE = YES_ERROR;
				GCC_WARN_UNDECLARED_SELECTOR = YES;
				GCC_WARN_UNINITIALIZED_AUTOS = YES_AGGRESSIVE;
				GCC_WARN_UNUSED_FUNCTION = YES;
				GCC_WARN_UNUSED_VARIABLE = YES;
				IPHONEOS_DEPLOYMENT_TARGET = 11.2;
				MTL_ENABLE_DEBUG_INFO = YES;
				ONLY_ACTIVE_ARCH = YES;
				SDKROOT = iphoneos;
			};
			name = Debug;
		};
		946626D71FE751730049EA6F /* Release */ = {
			isa = XCBuildConfiguration;
			buildSettings = {
				ALWAYS_SEARCH_USER_PATHS = NO;
				CLANG_ANALYZER_NONNULL = YES;
				CLANG_ANALYZER_NUMBER_OBJECT_CONVERSION = YES_AGGRESSIVE;
				CLANG_CXX_LANGUAGE_STANDARD = "gnu++14";
				CLANG_CXX_LIBRARY = "libc++";
				CLANG_ENABLE_MODULES = YES;
				CLANG_ENABLE_OBJC_ARC = YES;
				CLANG_WARN_BLOCK_CAPTURE_AUTORELEASING = YES;
				CLANG_WARN_BOOL_CONVERSION = YES;
				CLANG_WARN_COMMA = YES;
				CLANG_WARN_CONSTANT_CONVERSION = YES;
				CLANG_WARN_DIRECT_OBJC_ISA_USAGE = YES_ERROR;
				CLANG_WARN_DOCUMENTATION_COMMENTS = YES;
				CLANG_WARN_EMPTY_BODY = YES;
				CLANG_WARN_ENUM_CONVERSION = YES;
				CLANG_WARN_INFINITE_RECURSION = YES;
				CLANG_WARN_INT_CONVERSION = YES;
				CLANG_WARN_NON_LITERAL_NULL_CONVERSION = YES;
				CLANG_WARN_OBJC_LITERAL_CONVERSION = YES;
				CLANG_WARN_OBJC_ROOT_CLASS = YES_ERROR;
				CLANG_WARN_RANGE_LOOP_ANALYSIS = YES;
				CLANG_WARN_STRICT_PROTOTYPES = YES;
				CLANG_WARN_SUSPICIOUS_MOVE = YES;
				CLANG_WARN_UNGUARDED_AVAILABILITY = YES_AGGRESSIVE;
				CLANG_WARN_UNREACHABLE_CODE = YES;
				CLANG_WARN__DUPLICATE_METHOD_MATCH = YES;
				CODE_SIGN_IDENTITY = "iPhone Developer";
				COPY_PHASE_STRIP = NO;
				DEBUG_INFORMATION_FORMAT = "dwarf-with-dsym";
				ENABLE_NS_ASSERTIONS = NO;
				ENABLE_STRICT_OBJC_MSGSEND = YES;
				GCC_C_LANGUAGE_STANDARD = gnu11;
				GCC_NO_COMMON_BLOCKS = YES;
				GCC_WARN_64_TO_32_BIT_CONVERSION = YES;
				GCC_WARN_ABOUT_RETURN_TYPE = YES_ERROR;
				GCC_WARN_UNDECLARED_SELECTOR = YES;
				GCC_WARN_UNINITIALIZED_AUTOS = YES_AGGRESSIVE;
				GCC_WARN_UNUSED_FUNCTION = YES;
				GCC_WARN_UNUSED_VARIABLE = YES;
				IPHONEOS_DEPLOYMENT_TARGET = 11.2;
				MTL_ENABLE_DEBUG_INFO = NO;
				SDKROOT = iphoneos;
				VALIDATE_PRODUCT = YES;
			};
			name = Release;
		};
		946626D91FE751730049EA6F /* Debug */ = {
			isa = XCBuildConfiguration;
			buildSettings = {
				ASSETCATALOG_COMPILER_APPICON_NAME = AppIcon;
				CODE_SIGN_STYLE = Automatic;
				DEVELOPMENT_TEAM = LWHVHZ3462;
				INFOPLIST_FILE = URLRewriteDemo/Info.plist;
				LD_RUNPATH_SEARCH_PATHS = "$(inherited) @executable_path/Frameworks";
				PRODUCT_BUNDLE_IDENTIFIER = com.brant.URLRewriteDemo;
				PRODUCT_NAME = "$(TARGET_NAME)";
				TARGETED_DEVICE_FAMILY = "1,2";
			};
			name = Debug;
		};
		946626DA1FE751730049EA6F /* Release */ = {
			isa = XCBuildConfiguration;
			buildSettings = {
				ASSETCATALOG_COMPILER_APPICON_NAME = AppIcon;
				CODE_SIGN_STYLE = Automatic;
				DEVELOPMENT_TEAM = LWHVHZ3462;
				INFOPLIST_FILE = URLRewriteDemo/Info.plist;
				LD_RUNPATH_SEARCH_PATHS = "$(inherited) @executable_path/Frameworks";
				PRODUCT_BUNDLE_IDENTIFIER = com.brant.URLRewriteDemo;
				PRODUCT_NAME = "$(TARGET_NAME)";
				TARGETED_DEVICE_FAMILY = "1,2";
			};
			name = Release;
		};
/* End XCBuildConfiguration section */

/* Begin XCConfigurationList section */
		946626BD1FE751730049EA6F /* Build configuration list for PBXProject "URLRewriteDemo" */ = {
			isa = XCConfigurationList;
			buildConfigurations = (
				946626D61FE751730049EA6F /* Debug */,
				946626D71FE751730049EA6F /* Release */,
			);
			defaultConfigurationIsVisible = 0;
			defaultConfigurationName = Release;
		};
		946626D81FE751730049EA6F /* Build configuration list for PBXNativeTarget "URLRewriteDemo" */ = {
			isa = XCConfigurationList;
			buildConfigurations = (
				946626D91FE751730049EA6F /* Debug */,
				946626DA1FE751730049EA6F /* Release */,
			);
			defaultConfigurationIsVisible = 0;
			defaultConfigurationName = Release;
		};
/* End XCConfigurationList section */
	};
	rootObject = 946626BA1FE751730049EA6F /* Project object */;
}
